
Microsoft Visual Studio Solution File, Format Version 12.00
# Visual Studio Version 16
VisualStudioVersion = 16.0.31515.178
MinimumVisualStudioVersion = 10.0.40219.1
Project("{8BC9CEB8-8B4A-11D0-8D11-00A0C91BC942}") = "PhoneBook", "PhoneBook\PhoneBook.vcxproj", "{B2A13EBC-1BE7-4DF0-89D7-4D06F9999ABB}"
EndProject
Global
	GlobalSection(SolutionConfigurationPlatforms) = preSolution
		Debug|x64 = Debug|x64
		Debug|x86 = Debug|x86
		Release|x64 = Release|x64
		Release|x86 = Release|x86
	EndGlobalSection
	GlobalSection(ProjectConfigurationPlatforms) = postSolution
		{B2A13EBC-1BE7-4DF0-89D7-4D06F9999ABB}.Debug|x64.ActiveCfg = Debug|x64
		{B2A13EBC-1BE7-4DF0-89D7-4D06F9999ABB}.Debug|x64.Build.0 = Debug|x64
		{B2A13EBC-1BE7-4DF0-89D7-4D06F9999ABB}.Debug|x86.ActiveCfg = Debug|Win32
		{B2A13EBC-1BE7-4DF0-89D7-4D06F9999ABB}.Debug|x86.Build.0 = Debug|Win32
		{B2A13EBC-1BE7-4DF0-89D7-4D06F9999ABB}.Release|x64.ActiveCfg = Release|x64
		{B2A13EBC-1BE7-4DF0-89D7-4D06F9999ABB}.Release|x64.Build.0 = Release|x64
		{B2A13EBC-1BE7-4DF0-89D7-4D06F9999ABB}.Release|x86.ActiveCfg = Release|Win32
		{B2A13EBC-1BE7-4DF0-89D7-4D06F9999ABB}.Release|x86.Build.0 = Release|Win32
	EndGlobalSection
	GlobalSection(SolutionProperties) = preSolution
		HideSolutionNode = FALSE
	EndGlobalSection
	GlobalSection(ExtensibilityGlobals) = postSolution
		SolutionGuid = {1EAEA0CA-DDEF-4BB9-8D15-962980571DD1}
	EndGlobalSection
EndGlobal
