<?xml version="1.0" encoding="utf-8"?>
<Project ToolsVersion="4.0" xmlns="http://schemas.microsoft.com/developer/msbuild/2003">
  <ItemGroup>
    <Filter Include="Source Files">
      <UniqueIdentifier>{4FC737F1-C7A5-4376-A066-2A32D752A2FF}</UniqueIdentifier>
      <Extensions>cpp;c;cc;cxx;c++;cppm;ixx;def;odl;idl;hpj;bat;asm;asmx</Extensions>
    </Filter>
    <Filter Include="Header Files">
      <UniqueIdentifier>{93995380-89BD-4b04-88EB-625FBE52EBFB}</UniqueIdentifier>
      <Extensions>h;hh;hpp;hxx;h++;hm;inl;inc;ipp;xsd</Extensions>
    </Filter>
    <Filter Include="Resource Files">
      <UniqueIdentifier>{67DA6AB6-F800-4c08-8B7A-83BB121AAD01}</UniqueIdentifier>
      <Extensions>rc;ico;cur;bmp;dlg;rc2;rct;bin;rgs;gif;jpg;jpeg;jpe;resx;tiff;tif;png;wav;mfcribbon-ms</Extensions>
    </Filter>
  </ItemGroup>
  <ItemGroup>
    <ClInclude Include="PhoneBook.h">
      <Filter>Header Files</Filter>
    </ClInclude>
    <ClInclude Include="framework.h">
      <Filter>Header Files</Filter>
    </ClInclude>
    <ClInclude Include="targetver.h">
      <Filter>Header Files</Filter>
    </ClInclude>
    <ClInclude Include="MainFrm.h">
      <Filter>Header Files</Filter>
    </ClInclude>
    <ClInclude Include="ChildFrm.h">
      <Filter>Header Files</Filter>
    </ClInclude>
    <ClInclude Include="CCitiesDoc.h">
      <Filter>Header Files</Filter>
    </ClInclude>
    <ClInclude Include="CCititesView.h">
      <Filter>Header Files</Filter>
    </ClInclude>
    <ClInclude Include="Resource.h">
      <Filter>Header Files</Filter>
    </ClInclude>
    <ClInclude Include="pch.h">
      <Filter>Header Files</Filter>
    </ClInclude>
    <ClInclude Include="CCitiesTable.h">
      <Filter>Header Files</Filter>
    </ClInclude>
    <ClInclude Include="CCitiesAccessor.h">
      <Filter>Header Files</Filter>
    </ClInclude>
    <ClInclude Include="CDBConnection.h">
      <Filter>Header Files</Filter>
    </ClInclude>
    <ClInclude Include="CSelfCleaningTypedPtrArray.h">
      <Filter>Header Files</Filter>
    </ClInclude>
    <ClInclude Include="CDBMethods.h">
      <Filter>Header Files</Filter>
    </ClInclude>
    <ClInclude Include="CCitiesDialog.h">
      <Filter>Header Files</Filter>
    </ClInclude>
    <ClInclude Include="CCitiesData.h">
      <Filter>Header Files</Filter>
    </ClInclude>
    <ClInclude Include="Structures.h">
      <Filter>Header Files</Filter>
    </ClInclude>
    <ClInclude Include="CBaseTable.h">
      <Filter>Header Files</Filter>
    </ClInclude>
    <ClInclude Include="CPersonsAccessor.h">
      <Filter>Header Files</Filter>
    </ClInclude>
    <ClInclude Include="CPhoneTypesAccessor.h">
      <Filter>Header Files</Filter>
    </ClInclude>
    <ClInclude Include="CPhoneNumbersAccessor.h">
      <Filter>Header Files</Filter>
    </ClInclude>
    <ClInclude Include="CPersonsTable.h">
      <Filter>Header Files</Filter>
    </ClInclude>
    <ClInclude Include="CPhoneNumbersTable.h">
      <Filter>Header Files</Filter>
    </ClInclude>
    <ClInclude Include="CPhoneTypesTable.h">
      <Filter>Header Files</Filter>
    </ClInclude>
    <ClInclude Include="CPersonsData.h">
      <Filter>Header Files</Filter>
    </ClInclude>
    <ClInclude Include="CPhoneTypesData.h">
      <Filter>Header Files</Filter>
    </ClInclude>
    <ClInclude Include="CPersonsDoc.h">
      <Filter>Header Files</Filter>
    </ClInclude>
    <ClInclude Include="CPersonsView.h">
      <Filter>Header Files</Filter>
    </ClInclude>
    <ClInclude Include="CPersonsDialog.h">
      <Filter>Header Files</Filter>
    </ClInclude>
    <ClInclude Include="ActionEnums.h">
      <Filter>Header Files</Filter>
    </ClInclude>
    <ClInclude Include="CPhoneTypesDoc.h">
      <Filter>Header Files</Filter>
    </ClInclude>
    <ClInclude Include="CPhoneTypesView.h">
      <Filter>Header Files</Filter>
    </ClInclude>
    <ClInclude Include="CPerson.h">
      <Filter>Header Files</Filter>
    </ClInclude>
    <ClInclude Include="CPhoneTypesDialog.h">
      <Filter>Header Files</Filter>
    </ClInclude>
    <ClInclude Include="CPhoneNumbersDialog.h">
      <Filter>Header Files</Filter>
    </ClInclude>
  </ItemGroup>
  <ItemGroup>
    <ClCompile Include="PhoneBook.cpp">
      <Filter>Source Files</Filter>
    </ClCompile>
    <ClCompile Include="MainFrm.cpp">
      <Filter>Source Files</Filter>
    </ClCompile>
    <ClCompile Include="ChildFrm.cpp">
      <Filter>Source Files</Filter>
    </ClCompile>
    <ClCompile Include="CCitiesDoc.cpp">
      <Filter>Source Files</Filter>
    </ClCompile>
    <ClCompile Include="CCititesView.cpp">
      <Filter>Source Files</Filter>
    </ClCompile>
    <ClCompile Include="pch.cpp">
      <Filter>Source Files</Filter>
    </ClCompile>
    <ClCompile Include="OleDB.cpp">
      <Filter>Source Files</Filter>
    </ClCompile>
    <ClCompile Include="CDBMethods.cpp">
      <Filter>Source Files</Filter>
    </ClCompile>
    <ClCompile Include="CDBConnection.cpp">
      <Filter>Source Files</Filter>
    </ClCompile>
    <ClCompile Include="CCitiesTable.cpp">
      <Filter>Source Files</Filter>
    </ClCompile>
    <ClCompile Include="CCitiesDialog.cpp">
      <Filter>Source Files</Filter>
    </ClCompile>
    <ClCompile Include="CCitiesData.cpp">
      <Filter>Source Files</Filter>
    </ClCompile>
    <ClCompile Include="CPersonsTable.cpp">
      <Filter>Source Files</Filter>
    </ClCompile>
    <ClCompile Include="CPhoneTypesTable.cpp">
      <Filter>Source Files</Filter>
    </ClCompile>
    <ClCompile Include="CPhoneNumbersTable.cpp">
      <Filter>Source Files</Filter>
    </ClCompile>
    <ClCompile Include="CPersonsData.cpp">
      <Filter>Source Files</Filter>
    </ClCompile>
    <ClCompile Include="CPhoneTypesData.cpp">
      <Filter>Source Files</Filter>
    </ClCompile>
    <ClCompile Include="CPersonsDoc.cpp">
      <Filter>Source Files</Filter>
    </ClCompile>
    <ClCompile Include="CPersonsView.cpp">
      <Filter>Source Files</Filter>
    </ClCompile>
    <ClCompile Include="CPersonsDialog.cpp">
      <Filter>Source Files</Filter>
    </ClCompile>
    <ClCompile Include="CPhoneTypesDoc.cpp">
      <Filter>Source Files</Filter>
    </ClCompile>
    <ClCompile Include="CPhoneTypesView.cpp">
      <Filter>Source Files</Filter>
    </ClCompile>
    <ClCompile Include="CPhoneTypesDialog.cpp">
      <Filter>Source Files</Filter>
    </ClCompile>
    <ClCompile Include="CPerson.cpp">
      <Filter>Source Files</Filter>
    </ClCompile>
    <ClCompile Include="CPhoneNumbersDialog.cpp">
      <Filter>Source Files</Filter>
    </ClCompile>
  </ItemGroup>
  <ItemGroup>
    <ResourceCompile Include="PhoneBook.rc">
      <Filter>Resource Files</Filter>
    </ResourceCompile>
  </ItemGroup>
  <ItemGroup>
    <Image Include="res\userimages.bmp">
      <Filter>Resource Files</Filter>
    </Image>
    <Image Include="res\PhoneBookDoc.ico">
      <Filter>Resource Files</Filter>
    </Image>
    <Image Include="res\PhoneBook.ico">
      <Filter>Resource Files</Filter>
    </Image>
    <Image Include="res\Toolbar.bmp">
      <Filter>Resource Files</Filter>
    </Image>
    <Image Include="res\Toolbar256.bmp">
      <Filter>Resource Files</Filter>
    </Image>
  </ItemGroup>
  <ItemGroup>
    <None Include="res\PhoneBook.rc2">
      <Filter>Resource Files</Filter>
    </None>
  </ItemGroup>
</Project>